// !$*UTF8*$!
{
	archiveVersion = 1;
	classes = {
	};
	objectVersion = 51;
	objects = {

/* Begin PBXBuildFile section */
		8AEAB1D4352D08DB9CADECAC /* Pods_DemoSwiftApp.framework in Frameworks */ = {isa = PBXBuildFile; fileRef = 4316C3F5D5967F9684D3CF41 /* Pods_DemoSwiftApp.framework */; };
		A500AFC323CEECCD00B019F8 /* AppDelegate.swift in Sources */ = {isa = PBXBuildFile; fileRef = A500AFC223CEECCD00B019F8 /* AppDelegate.swift */; };
		A500AFC523CEECCD00B019F8 /* SceneDelegate.swift in Sources */ = {isa = PBXBuildFile; fileRef = A500AFC423CEECCD00B019F8 /* SceneDelegate.swift */; };
		A500AFC723CEECCD00B019F8 /* ViewController.swift in Sources */ = {isa = PBXBuildFile; fileRef = A500AFC623CEECCD00B019F8 /* ViewController.swift */; };
		A500AFCA23CEECCD00B019F8 /* Main.storyboard in Resources */ = {isa = PBXBuildFile; fileRef = A500AFC823CEECCD00B019F8 /* Main.storyboard */; };
		A500AFCC23CEECD000B019F8 /* Assets.xcassets in Resources */ = {isa = PBXBuildFile; fileRef = A500AFCB23CEECD000B019F8 /* Assets.xcassets */; };
		A500AFCF23CEECD000B019F8 /* LaunchScreen.storyboard in Resources */ = {isa = PBXBuildFile; fileRef = A500AFCD23CEECD000B019F8 /* LaunchScreen.storyboard */; };
		A5EDD04F25C1772D00656D76 /* PageHelper.swift in Sources */ = {isa = PBXBuildFile; fileRef = A5EDD04E25C1772D00656D76 /* PageHelper.swift */; };
/* End PBXBuildFile section */

/* Begin PBXFileReference section */
		39EBDB115556B518FEC53EED /* Pods-DemoSwiftApp.debug.xcconfig */ = {isa = PBXFileReference; includeInIndex = 1; lastKnownFileType = text.xcconfig; name = "Pods-DemoSwiftApp.debug.xcconfig"; path = "Target Support Files/Pods-DemoSwiftApp/Pods-DemoSwiftApp.debug.xcconfig"; sourceTree = "<group>"; };
		4316C3F5D5967F9684D3CF41 /* Pods_DemoSwiftApp.framework */ = {isa = PBXFileReference; explicitFileType = wrapper.framework; includeInIndex = 0; path = Pods_DemoSwiftApp.framework; sourceTree = BUILT_PRODUCTS_DIR; };
		9DA55FB9DBA9BDD1EB3F1592 /* Pods-DemoSwiftApp.release.xcconfig */ = {isa = PBXFileReference; includeInIndex = 1; lastKnownFileType = text.xcconfig; name = "Pods-DemoSwiftApp.release.xcconfig"; path = "Target Support Files/Pods-DemoSwiftApp/Pods-DemoSwiftApp.release.xcconfig"; sourceTree = "<group>"; };
		A500AFBF23CEECCD00B019F8 /* DemoSwiftApp.app */ = {isa = PBXFileReference; explicitFileType = wrapper.application; includeInIndex = 0; path = DemoSwiftApp.app; sourceTree = BUILT_PRODUCTS_DIR; };
		A500AFC223CEECCD00B019F8 /* AppDelegate.swift */ = {isa = PBXFileReference; lastKnownFileType = sourcecode.swift; path = AppDelegate.swift; sourceTree = "<group>"; };
		A500AFC423CEECCD00B019F8 /* SceneDelegate.swift */ = {isa = PBXFileReference; lastKnownFileType = sourcecode.swift; path = SceneDelegate.swift; sourceTree = "<group>"; };
		A500AFC623CEECCD00B019F8 /* ViewController.swift */ = {isa = PBXFileReference; lastKnownFileType = sourcecode.swift; path = ViewController.swift; sourceTree = "<group>"; };
		A500AFC923CEECCD00B019F8 /* Base */ = {isa = PBXFileReference; lastKnownFileType = file.storyboard; name = Base; path = Base.lproj/Main.storyboard; sourceTree = "<group>"; };
		A500AFCB23CEECD000B019F8 /* Assets.xcassets */ = {isa = PBXFileReference; lastKnownFileType = folder.assetcatalog; path = Assets.xcassets; sourceTree = "<group>"; };
		A500AFCE23CEECD000B019F8 /* Base */ = {isa = PBXFileReference; lastKnownFileType = file.storyboard; name = Base; path = Base.lproj/LaunchScreen.storyboard; sourceTree = "<group>"; };
		A500AFD023CEECD000B019F8 /* Info.plist */ = {isa = PBXFileReference; lastKnownFileType = text.plist.xml; path = Info.plist; sourceTree = "<group>"; };
		A5EDD04E25C1772D00656D76 /* PageHelper.swift */ = {isa = PBXFileReference; lastKnownFileType = sourcecode.swift; path = PageHelper.swift; sourceTree = "<group>"; };
/* End PBXFileReference section */

/* Begin PBXFrameworksBuildPhase section */
		A500AFBC23CEECCD00B019F8 /* Frameworks */ = {
			isa = PBXFrameworksBuildPhase;
			buildActionMask = 2147483647;
			files = (
				8AEAB1D4352D08DB9CADECAC /* Pods_DemoSwiftApp.framework in Frameworks */,
			);
			runOnlyForDeploymentPostprocessing = 0;
		};
/* End PBXFrameworksBuildPhase section */

/* Begin PBXGroup section */
		33DA50D7C125124A47D2E1A6 /* Frameworks */ = {
			isa = PBXGroup;
			children = (
				4316C3F5D5967F9684D3CF41 /* Pods_DemoSwiftApp.framework */,
			);
			name = Frameworks;
			sourceTree = "<group>";
		};
		A500AFB623CEECCD00B019F8 = {
			isa = PBXGroup;
			children = (
				A500AFC123CEECCD00B019F8 /* DemoSwiftApp */,
				A500AFC023CEECCD00B019F8 /* Products */,
				CC8D48A605AD61D4623213C6 /* Pods */,
				33DA50D7C125124A47D2E1A6 /* Frameworks */,
			);
			sourceTree = "<group>";
		};
		A500AFC023CEECCD00B019F8 /* Products */ = {
			isa = PBXGroup;
			children = (
				A500AFBF23CEECCD00B019F8 /* DemoSwiftApp.app */,
			);
			name = Products;
			sourceTree = "<group>";
		};
		A500AFC123CEECCD00B019F8 /* DemoSwiftApp */ = {
			isa = PBXGroup;
			children = (
				A500AFC223CEECCD00B019F8 /* AppDelegate.swift */,
				A500AFC423CEECCD00B019F8 /* SceneDelegate.swift */,
				A500AFC623CEECCD00B019F8 /* ViewController.swift */,
				A500AFC823CEECCD00B019F8 /* Main.storyboard */,
				A500AFCB23CEECD000B019F8 /* Assets.xcassets */,
				A500AFCD23CEECD000B019F8 /* LaunchScreen.storyboard */,
				A500AFD023CEECD000B019F8 /* Info.plist */,
				A5EDD04E25C1772D00656D76 /* PageHelper.swift */,
			);
			path = DemoSwiftApp;
			sourceTree = "<group>";
		};
		CC8D48A605AD61D4623213C6 /* Pods */ = {
			isa = PBXGroup;
			children = (
				39EBDB115556B518FEC53EED /* Pods-DemoSwiftApp.debug.xcconfig */,
				9DA55FB9DBA9BDD1EB3F1592 /* Pods-DemoSwiftApp.release.xcconfig */,
			);
			path = Pods;
			sourceTree = "<group>";
		};
/* End PBXGroup section */

/* Begin PBXNativeTarget section */
		A500AFBE23CEECCD00B019F8 /* DemoSwiftApp */ = {
			isa = PBXNativeTarget;
			buildConfigurationList = A500AFD323CEECD000B019F8 /* Build configuration list for PBXNativeTarget "DemoSwiftApp" */;
			buildPhases = (
				CE6E49BDB0F89C80B192096A /* [CP] Check Pods Manifest.lock */,
				A500AFBB23CEECCD00B019F8 /* Sources */,
				A500AFBC23CEECCD00B019F8 /* Frameworks */,
				A500AFBD23CEECCD00B019F8 /* Resources */,
				1A40F485E28561D52CD23152 /* [CP] Embed Pods Frameworks */,
			);
			buildRules = (
			);
			dependencies = (
			);
			name = DemoSwiftApp;
			productName = DemoSwiftApp;
			productReference = A500AFBF23CEECCD00B019F8 /* DemoSwiftApp.app */;
			productType = "com.apple.product-type.application";
		};
/* End PBXNativeTarget section */

/* Begin PBXProject section */
		A500AFB723CEECCD00B019F8 /* Project object */ = {
			isa = PBXProject;
			attributes = {
				LastSwiftUpdateCheck = 1110;
				LastUpgradeCheck = 1110;
				ORGANIZATIONNAME = "DATAMOTION PTE. LTD.";
				TargetAttributes = {
					A500AFBE23CEECCD00B019F8 = {
						CreatedOnToolsVersion = 11.1;
					};
				};
			};
			buildConfigurationList = A500AFBA23CEECCD00B019F8 /* Build configuration list for PBXProject "DemoSwiftApp" */;
			compatibilityVersion = "Xcode 9.3";
			developmentRegion = en;
			hasScannedForEncodings = 0;
			knownRegions = (
				en,
				Base,
			);
			mainGroup = A500AFB623CEECCD00B019F8;
			productRefGroup = A500AFC023CEECCD00B019F8 /* Products */;
			projectDirPath = "";
			projectRoot = "";
			targets = (
				A500AFBE23CEECCD00B019F8 /* DemoSwiftApp */,
			);
		};
/* End PBXProject section */

/* Begin PBXResourcesBuildPhase section */
		A500AFBD23CEECCD00B019F8 /* Resources */ = {
			isa = PBXResourcesBuildPhase;
			buildActionMask = 2147483647;
			files = (
				A500AFCF23CEECD000B019F8 /* LaunchScreen.storyboard in Resources */,
				A500AFCC23CEECD000B019F8 /* Assets.xcassets in Resources */,
				A500AFCA23CEECCD00B019F8 /* Main.storyboard in Resources */,
			);
			runOnlyForDeploymentPostprocessing = 0;
		};
/* End PBXResourcesBuildPhase section */

/* Begin PBXShellScriptBuildPhase section */
		1A40F485E28561D52CD23152 /* [CP] Embed Pods Frameworks */ = {
			isa = PBXShellScriptBuildPhase;
			buildActionMask = 2147483647;
			files = (
			);
			inputFileListPaths = (
				"${PODS_ROOT}/Target Support Files/Pods-DemoSwiftApp/Pods-DemoSwiftApp-frameworks-${CONFIGURATION}-input-files.xcfilelist",
			);
			name = "[CP] Embed Pods Frameworks";
			outputFileListPaths = (
				"${PODS_ROOT}/Target Support Files/Pods-DemoSwiftApp/Pods-DemoSwiftApp-frameworks-${CONFIGURATION}-output-files.xcfilelist",
			);
			runOnlyForDeploymentPostprocessing = 0;
			shellPath = /bin/sh;
			shellScript = "\"${PODS_ROOT}/Target Support Files/Pods-DemoSwiftApp/Pods-DemoSwiftApp-frameworks.sh\"\n";
			showEnvVarsInLog = 0;
		};
		CE6E49BDB0F89C80B192096A /* [CP] Check Pods Manifest.lock */ = {
			isa = PBXShellScriptBuildPhase;
			buildActionMask = 2147483647;
			files = (
			);
			inputFileListPaths = (
			);
			inputPaths = (
				"${PODS_PODFILE_DIR_PATH}/Podfile.lock",
				"${PODS_ROOT}/Manifest.lock",
			);
			name = "[CP] Check Pods Manifest.lock";
			outputFileListPaths = (
			);
			outputPaths = (
				"$(DERIVED_FILE_DIR)/Pods-DemoSwiftApp-checkManifestLockResult.txt",
			);
			runOnlyForDeploymentPostprocessing = 0;
			shellPath = /bin/sh;
			shellScript = "diff \"${PODS_PODFILE_DIR_PATH}/Podfile.lock\" \"${PODS_ROOT}/Manifest.lock\" > /dev/null\nif [ $? != 0 ] ; then\n    # print error to STDERR\n    echo \"error: The sandbox is not in sync with the Podfile.lock. Run 'pod install' or update your CocoaPods installation.\" >&2\n    exit 1\nfi\n# This output is used by Xcode 'outputs' to avoid re-running this script phase.\necho \"SUCCESS\" > \"${SCRIPT_OUTPUT_FILE_0}\"\n";
			showEnvVarsInLog = 0;
		};
/* End PBXShellScriptBuildPhase section */

/* Begin PBXSourcesBuildPhase section */
		A500AFBB23CEECCD00B019F8 /* Sources */ = {
			isa = PBXSourcesBuildPhase;
			buildActionMask = 2147483647;
			files = (
				A5EDD04F25C1772D00656D76 /* PageHelper.swift in Sources */,
				A500AFC723CEECCD00B019F8 /* ViewController.swift in Sources */,
				A500AFC323CEECCD00B019F8 /* AppDelegate.swift in Sources */,
				A500AFC523CEECCD00B019F8 /* SceneDelegate.swift in Sources */,
			);
			runOnlyForDeploymentPostprocessing = 0;
		};
/* End PBXSourcesBuildPhase section */

/* Begin PBXVariantGroup section */
		A500AFC823CEECCD00B019F8 /* Main.storyboard */ = {
			isa = PBXVariantGroup;
			children = (
				A500AFC923CEECCD00B019F8 /* Base */,
			);
			name = Main.storyboard;
			sourceTree = "<group>";
		};
		A500AFCD23CEECD000B019F8 /* LaunchScreen.storyboard */ = {
			isa = PBXVariantGroup;
			children = (
				A500AFCE23CEECD000B019F8 /* Base */,
			);
			name = LaunchScreen.storyboard;
			sourceTree = "<group>";
		};
/* End PBXVariantGroup section */

/* Begin XCBuildConfiguration section */
		A500AFD123CEECD000B019F8 /* Debug */ = {
			isa = XCBuildConfiguration;
			buildSettings = {
				ALWAYS_SEARCH_USER_PATHS = NO;
				CLANG_ANALYZER_NONNULL = YES;
				CLANG_ANALYZER_NUMBER_OBJECT_CONVERSION = YES_AGGRESSIVE;
				CLANG_CXX_LANGUAGE_STANDARD = "gnu++14";
				CLANG_CXX_LIBRARY = "libc++";
				CLANG_ENABLE_MODULES = YES;
				CLANG_ENABLE_OBJC_ARC = YES;
				CLANG_ENABLE_OBJC_WEAK = YES;
				CLANG_WARN_BLOCK_CAPTURE_AUTORELEASING = YES;
				CLANG_WARN_BOOL_CONVERSION = YES;
				CLANG_WARN_COMMA = YES;
				CLANG_WARN_CONSTANT_CONVERSION = YES;
				CLANG_WARN_DEPRECATED_OBJC_IMPLEMENTATIONS = YES;
				CLANG_WARN_DIRECT_OBJC_ISA_USAGE = YES_ERROR;
				CLANG_WARN_DOCUMENTATION_COMMENTS = YES;
				CLANG_WARN_EMPTY_BODY = YES;
				CLANG_WARN_ENUM_CONVERSION = YES;
				CLANG_WARN_INFINITE_RECURSION = YES;
				CLANG_WARN_INT_CONVERSION = YES;
				CLANG_WARN_NON_LITERAL_NULL_CONVERSION = YES;
				CLANG_WARN_OBJC_IMPLICIT_RETAIN_SELF = YES;
				CLANG_WARN_OBJC_LITERAL_CONVERSION = YES;
				CLANG_WARN_OBJC_ROOT_CLASS = YES_ERROR;
				CLANG_WARN_RANGE_LOOP_ANALYSIS = YES;
				CLANG_WARN_STRICT_PROTOTYPES = YES;
				CLANG_WARN_SUSPICIOUS_MOVE = YES;
				CLANG_WARN_UNGUARDED_AVAILABILITY = YES_AGGRESSIVE;
				CLANG_WARN_UNREACHABLE_CODE = YES;
				CLANG_WARN__DUPLICATE_METHOD_MATCH = YES;
				COPY_PHASE_STRIP = NO;
				DEBUG_INFORMATION_FORMAT = dwarf;
				ENABLE_STRICT_OBJC_MSGSEND = YES;
				ENABLE_TESTABILITY = YES;
				GCC_C_LANGUAGE_STANDARD = gnu11;
				GCC_DYNAMIC_NO_PIC = NO;
				GCC_NO_COMMON_BLOCKS = YES;
				GCC_OPTIMIZATION_LEVEL = 0;
				GCC_PREPROCESSOR_DEFINITIONS = (
					"DEBUG=1",
					"$(inherited)",
				);
				GCC_WARN_64_TO_32_BIT_CONVERSION = YES;
				GCC_WARN_ABOUT_RETURN_TYPE = YES_ERROR;
				GCC_WARN_UNDECLARED_SELECTOR = YES;
				GCC_WARN_UNINITIALIZED_AUTOS = YES_AGGRESSIVE;
				GCC_WARN_UNUSED_FUNCTION = YES;
				GCC_WARN_UNUSED_VARIABLE = YES;
				IPHONEOS_DEPLOYMENT_TARGET = 13.1;
				MTL_ENABLE_DEBUG_INFO = INCLUDE_SOURCE;
				MTL_FAST_MATH = YES;
				ONLY_ACTIVE_ARCH = YES;
				SDKROOT = iphoneos;
				SWIFT_ACTIVE_COMPILATION_CONDITIONS = DEBUG;
				SWIFT_OPTIMIZATION_LEVEL = "-Onone";
			};
			name = Debug;
		};
		A500AFD223CEECD000B019F8 /* Release */ = {
			isa = XCBuildConfiguration;
			buildSettings = {
				ALWAYS_SEARCH_USER_PATHS = NO;
				CLANG_ANALYZER_NONNULL = YES;
				CLANG_ANALYZER_NUMBER_OBJECT_CONVERSION = YES_AGGRESSIVE;
				CLANG_CXX_LANGUAGE_STANDARD = "gnu++14";
				CLANG_CXX_LIBRARY = "libc++";
				CLANG_ENABLE_MODULES = YES;
				CLANG_ENABLE_OBJC_ARC = YES;
				CLANG_ENABLE_OBJC_WEAK = YES;
				CLANG_WARN_BLOCK_CAPTURE_AUTORELEASING = YES;
				CLANG_WARN_BOOL_CONVERSION = YES;
				CLANG_WARN_COMMA = YES;
				CLANG_WARN_CONSTANT_CONVERSION = YES;
				CLANG_WARN_DEPRECATED_OBJC_IMPLEMENTATIONS = YES;
				CLANG_WARN_DIRECT_OBJC_ISA_USAGE = YES_ERROR;
				CLANG_WARN_DOCUMENTATION_COMMENTS = YES;
				CLANG_WARN_EMPTY_BODY = YES;
				CLANG_WARN_ENUM_CONVERSION = YES;
				CLANG_WARN_INFINITE_RECURSION = YES;
				CLANG_WARN_INT_CONVERSION = YES;
				CLANG_WARN_NON_LITERAL_NULL_CONVERSION = YES;
				CLANG_WARN_OBJC_IMPLICIT_RETAIN_SELF = YES;
				CLANG_WARN_OBJC_LITERAL_CONVERSION = YES;
				CLANG_WARN_OBJC_ROOT_CLASS = YES_ERROR;
				CLANG_WARN_RANGE_LOOP_ANALYSIS = YES;
				CLANG_WARN_STRICT_PROTOTYPES = YES;
				CLANG_WARN_SUSPICIOUS_MOVE = YES;
				CLANG_WARN_UNGUARDED_AVAILABILITY = YES_AGGRESSIVE;
				CLANG_WARN_UNREACHABLE_CODE = YES;
				CLANG_WARN__DUPLICATE_METHOD_MATCH = YES;
				COPY_PHASE_STRIP = NO;
				DEBUG_INFORMATION_FORMAT = "dwarf-with-dsym";
				ENABLE_NS_ASSERTIONS = NO;
				ENABLE_STRICT_OBJC_MSGSEND = YES;
				GCC_C_LANGUAGE_STANDARD = gnu11;
				GCC_NO_COMMON_BLOCKS = YES;
				GCC_WARN_64_TO_32_BIT_CONVERSION = YES;
				GCC_WARN_ABOUT_RETURN_TYPE = YES_ERROR;
				GCC_WARN_UNDECLARED_SELECTOR = YES;
				GCC_WARN_UNINITIALIZED_AUTOS = YES_AGGRESSIVE;
				GCC_WARN_UNUSED_FUNCTION = YES;
				GCC_WARN_UNUSED_VARIABLE = YES;
				IPHONEOS_DEPLOYMENT_TARGET = 13.1;
				MTL_ENABLE_DEBUG_INFO = NO;
				MTL_FAST_MATH = YES;
				SDKROOT = iphoneos;
				SWIFT_COMPILATION_MODE = wholemodule;
				SWIFT_OPTIMIZATION_LEVEL = "-O";
				VALIDATE_PRODUCT = YES;
			};
			name = Release;
		};
		A500AFD423CEECD000B019F8 /* Debug */ = {
			isa = XCBuildConfiguration;
			baseConfigurationReference = 39EBDB115556B518FEC53EED /* Pods-DemoSwiftApp.debug.xcconfig */;
			buildSettings = {
				ASSETCATALOG_COMPILER_APPICON_NAME = AppIcon;
				CODE_SIGN_STYLE = Automatic;
				DEVELOPMENT_TEAM = MTK2QVQ5B8;
				INFOPLIST_FILE = DemoSwiftApp/Info.plist;
				LD_RUNPATH_SEARCH_PATHS = (
					"$(inherited)",
					"@executable_path/Frameworks",
				);
				PRODUCT_BUNDLE_IDENTIFIER = com.telematicssdk.demoappswift;
				PRODUCT_NAME = "$(TARGET_NAME)";
				SWIFT_VERSION = 5.0;
				TARGETED_DEVICE_FAMILY = "1,2";
			};
			name = Debug;
		};
		A500AFD523CEECD000B019F8 /* Release */ = {
			isa = XCBuildConfiguration;
			baseConfigurationReference = 9DA55FB9DBA9BDD1EB3F1592 /* Pods-DemoSwiftApp.release.xcconfig */;
			buildSettings = {
				ASSETCATALOG_COMPILER_APPICON_NAME = AppIcon;
				CODE_SIGN_STYLE = Automatic;
				DEVELOPMENT_TEAM = MTK2QVQ5B8;
				INFOPLIST_FILE = DemoSwiftApp/Info.plist;
				LD_RUNPATH_SEARCH_PATHS = (
					"$(inherited)",
					"@executable_path/Frameworks",
				);
				PRODUCT_BUNDLE_IDENTIFIER = com.telematicssdk.demoappswift;
				PRODUCT_NAME = "$(TARGET_NAME)";
				SWIFT_VERSION = 5.0;
				TARGETED_DEVICE_FAMILY = "1,2";
			};
			name = Release;
		};
/* End XCBuildConfiguration section */

/* Begin XCConfigurationList section */
		A500AFBA23CEECCD00B019F8 /* Build configuration list for PBXProject "DemoSwiftApp" */ = {
			isa = XCConfigurationList;
			buildConfigurations = (
				A500AFD123CEECD000B019F8 /* Debug */,
				A500AFD223CEECD000B019F8 /* Release */,
			);
			defaultConfigurationIsVisible = 0;
			defaultConfigurationName = Release;
		};
		A500AFD323CEECD000B019F8 /* Build configuration list for PBXNativeTarget "DemoSwiftApp" */ = {
			isa = XCConfigurationList;
			buildConfigurations = (
				A500AFD423CEECD000B019F8 /* Debug */,
				A500AFD523CEECD000B019F8 /* Release */,
			);
			defaultConfigurationIsVisible = 0;
			defaultConfigurationName = Release;
		};
/* End XCConfigurationList section */
	};
	rootObject = A500AFB723CEECCD00B019F8 /* Project object */;
}
